
Microsoft Visual Studio Solution File, Format Version 12.00
# Visual Studio Version 17
VisualStudioVersion = 17.3.32929.385
MinimumVisualStudioVersion = 10.0.40219.1
Project("{9A19103F-16F7-4668-BE54-9A1E7A4F7556}") = "SPAECom.Api.Catalog", "SPAECom.Api.Catalog\SPAECom.Api.Catalog.csproj", "{726AAE10-8E2A-46CE-9A7B-CBA78010C9BF}"
EndProject
Project("{9A19103F-16F7-4668-BE54-9A1E7A4F7556}") = "SPAECom.Api.Catalog.Data", "SPAECom.Api.Catalog.Data\SPAECom.Api.Catalog.Data.csproj", "{44BC15B7-6D89-4B74-B7ED-E08CC37103E7}"
EndProject
Project("{9A19103F-16F7-4668-BE54-9A1E7A4F7556}") = "SPAECom.Api.Catalog.Repository", "SPAECom.Api.Catalog.Repository\SPAECom.Api.Catalog.Repository.csproj", "{6BDC52C2-FCF3-4CBC-81CF-954BCEF6F1A1}"
EndProject
Global
	GlobalSection(SolutionConfigurationPlatforms) = preSolution
		Debug|Any CPU = Debug|Any CPU
		Release|Any CPU = Release|Any CPU
	EndGlobalSection
	GlobalSection(ProjectConfigurationPlatforms) = postSolution
		{726AAE10-8E2A-46CE-9A7B-CBA78010C9BF}.Debug|Any CPU.ActiveCfg = Debug|Any CPU
		{726AAE10-8E2A-46CE-9A7B-CBA78010C9BF}.Debug|Any CPU.Build.0 = Debug|Any CPU
		{726AAE10-8E2A-46CE-9A7B-CBA78010C9BF}.Release|Any CPU.ActiveCfg = Release|Any CPU
		{726AAE10-8E2A-46CE-9A7B-CBA78010C9BF}.Release|Any CPU.Build.0 = Release|Any CPU
		{44BC15B7-6D89-4B74-B7ED-E08CC37103E7}.Debug|Any CPU.ActiveCfg = Debug|Any CPU
		{44BC15B7-6D89-4B74-B7ED-E08CC37103E7}.Debug|Any CPU.Build.0 = Debug|Any CPU
		{44BC15B7-6D89-4B74-B7ED-E08CC37103E7}.Release|Any CPU.ActiveCfg = Release|Any CPU
		{44BC15B7-6D89-4B74-B7ED-E08CC37103E7}.Release|Any CPU.Build.0 = Release|Any CPU
		{6BDC52C2-FCF3-4CBC-81CF-954BCEF6F1A1}.Debug|Any CPU.ActiveCfg = Debug|Any CPU
		{6BDC52C2-FCF3-4CBC-81CF-954BCEF6F1A1}.Debug|Any CPU.Build.0 = Debug|Any CPU
		{6BDC52C2-FCF3-4CBC-81CF-954BCEF6F1A1}.Release|Any CPU.ActiveCfg = Release|Any CPU
		{6BDC52C2-FCF3-4CBC-81CF-954BCEF6F1A1}.Release|Any CPU.Build.0 = Release|Any CPU
	EndGlobalSection
	GlobalSection(SolutionProperties) = preSolution
		HideSolutionNode = FALSE
	EndGlobalSection
	GlobalSection(ExtensibilityGlobals) = postSolution
		SolutionGuid = {04F0A970-097C-4870-AAFD-4A973E99D9B2}
	EndGlobalSection
EndGlobal
